// !$*UTF8*$!
{
	archiveVersion = 1;
	classes = {
	};
	objectVersion = 77;
	objects = {

/* Begin PBXBuildFile section */
		01241F0C078DCE19F0D4EB54 /* FilterBar.swift in Sources */ = {isa = PBXBuildFile; fileRef = 41A098A4082EC9835F25BCB6 /* FilterBar.swift */; };
		028589211DF59B8873B64796 /* TraitCatalog.swift in Sources */ = {isa = PBXBuildFile; fileRef = 8237EA39030E50F973B39DBB /* TraitCatalog.swift */; };
		02EBBB7E015E608365E806FA /* DataManager.swift in Sources */ = {isa = PBXBuildFile; fileRef = 66D86BC5ED70D3AD253DEE69 /* DataManager.swift */; };
		074C53FB79598B7787DBF0C3 /* HotkeyRegistrationTests.swift in Sources */ = {isa = PBXBuildFile; fileRef = 99B28BDF2730EE506D4EC3F5 /* HotkeyRegistrationTests.swift */; };
		0969AD5F3AD9FC366F0DADD0 /* Comp.swift in Sources */ = {isa = PBXBuildFile; fileRef = 6F5ABAB08CC8CA23E71E2ED6 /* Comp.swift */; };
		1887F0E047449B1139366DAF /* README.md in Resources */ = {isa = PBXBuildFile; fileRef = 4253A261F0CB1BD35211BA94 /* README.md */; };
		1CAD6845D6D43FDAD355B8F4 /* CompCardV2Tests.swift in Sources */ = {isa = PBXBuildFile; fileRef = DE081998A8013D5EBA3CA19F /* CompCardV2Tests.swift */; };
		1E8966B571334E674956495B /* set17-champions.json in Resources */ = {isa = PBXBuildFile; fileRef = D86BAA3006DAEF0F74B1DF37 /* set17-champions.json */; };
		1F4757346973F944761750C6 /* SchemaVersion.swift in Sources */ = {isa = PBXBuildFile; fileRef = 220C122A4919B84DE756F8F8 /* SchemaVersion.swift */; };
		244E076B7D2BEEBD765B774B /* TraitChipTests.swift in Sources */ = {isa = PBXBuildFile; fileRef = 25BAFBF6E756545648D35B4E /* TraitChipTests.swift */; };
		253A37CD9259A374546933DE /* ExpandedCardView.swift in Sources */ = {isa = PBXBuildFile; fileRef = D468C719BA17077DC5C43A33 /* ExpandedCardView.swift */; };
		28052BC883E79ECF09F73814 /* Assets.xcassets in Resources */ = {isa = PBXBuildFile; fileRef = 19EEE04064D94531D37DBA18 /* Assets.xcassets */; };
		299DD890745772F1130FC723 /* MenuBarIcon.swift in Sources */ = {isa = PBXBuildFile; fileRef = 192C52B5E5B0BD973AF4A5EA /* MenuBarIcon.swift */; };
		2B40DE17A381B29CE515D301 /* Banners.swift in Sources */ = {isa = PBXBuildFile; fileRef = 8245189EAD6AB976B704EC62 /* Banners.swift */; };
		306D7AE684A5A69394BA387B /* Theme.swift in Sources */ = {isa = PBXBuildFile; fileRef = 3D2924AF422FD54F123FC278 /* Theme.swift */; };
		336C08FA589C18FAB80D0A5F /* OverlayWindowControllerTests.swift in Sources */ = {isa = PBXBuildFile; fileRef = FAA4F26E863E5EDA109EE167 /* OverlayWindowControllerTests.swift */; };
		34A8BA45363004D83EA808CE /* FilterBarTests.swift in Sources */ = {isa = PBXBuildFile; fileRef = B1CD26B39417A2B66F116F5D /* FilterBarTests.swift */; };
		3D03A142D0B8B2B2DC2DE002 /* RemoteFetcher.swift in Sources */ = {isa = PBXBuildFile; fileRef = BFB6C6F945F61052526D482D /* RemoteFetcher.swift */; };
		3D9B3687CEB2B756E2154DF8 /* ChampionPortrait.swift in Sources */ = {isa = PBXBuildFile; fileRef = 49D08A952BE987A845BBE535 /* ChampionPortrait.swift */; };
		40B36D9552E908B535C578FC /* BundleIdentifierRegressionTest.swift in Sources */ = {isa = PBXBuildFile; fileRef = 4B86EC7F061753D7269BC112 /* BundleIdentifierRegressionTest.swift */; };
		41BA8DC58A431F183CD26322 /* OverlayPanel.swift in Sources */ = {isa = PBXBuildFile; fileRef = 97908C22E477CB38DEE794E1 /* OverlayPanel.swift */; };
		469A1936BFF5647A9A0859E1 /* HotKey in Frameworks */ = {isa = PBXBuildFile; productRef = 0803FDD71794EA03FA6D96FA /* HotKey */; };
		471AEAD45FB29AF924771442 /* Anomaly.swift in Sources */ = {isa = PBXBuildFile; fileRef = 09008D91D764EA968EAB5D13 /* Anomaly.swift */; };
		47FBC478CC0318655F47B82B /* TierListDecodingTests.swift in Sources */ = {isa = PBXBuildFile; fileRef = 903FB369DDE0BBE4B8A7726E /* TierListDecodingTests.swift */; };
		4C9B6EA02D94F682CE9EF128 /* TraitActivationDecodingTests.swift in Sources */ = {isa = PBXBuildFile; fileRef = 9A541949C011588F6C3AEBDC /* TraitActivationDecodingTests.swift */; };
		531088914ED113C13B273139 /* SchemaVersionTests.swift in Sources */ = {isa = PBXBuildFile; fileRef = AA74AA61E19A17A0D70054DE /* SchemaVersionTests.swift */; };
		53653C1EB595AA2AA3A54A50 /* AssetCache.swift in Sources */ = {isa = PBXBuildFile; fileRef = CBA115C2517FEE2DCF4EE12B /* AssetCache.swift */; };
		57E1AB0930EBE8BDC235DEAB /* ItemAssetURL.swift in Sources */ = {isa = PBXBuildFile; fileRef = 8438AC7DD0CAC57803AAC228 /* ItemAssetURL.swift */; };
		5A49F310F10BE5472E106862 /* OverlayPanelConfigTests.swift in Sources */ = {isa = PBXBuildFile; fileRef = 1DF3FA4B6CC40D8756710898 /* OverlayPanelConfigTests.swift */; };
		5E5CEF31B4C80EADD2ACE50B /* ExpandedCardViewTests.swift in Sources */ = {isa = PBXBuildFile; fileRef = 1F9B8F5B4E9255537451F7E7 /* ExpandedCardViewTests.swift */; };
		681D4A66A22D74F87E3C80B6 /* SchemaCompatibilityGateTests.swift in Sources */ = {isa = PBXBuildFile; fileRef = 6C824FBFA03AE1187FA0A25B /* SchemaCompatibilityGateTests.swift */; };
		6899337443B12C07ADE1DA2D /* HotkeyRegistrar.swift in Sources */ = {isa = PBXBuildFile; fileRef = 3BEBBA191062ECDC03605031 /* HotkeyRegistrar.swift */; };
		69FAD140D65DF3473F852296 /* UpdateRequiredOverlay.swift in Sources */ = {isa = PBXBuildFile; fileRef = 44646BD2DACAAFBE72693A49 /* UpdateRequiredOverlay.swift */; };
		6D18CBB34B9EF5BAB0276354 /* SchemaCompatibilityGate.swift in Sources */ = {isa = PBXBuildFile; fileRef = 1F2F840FC48999922332E6F4 /* SchemaCompatibilityGate.swift */; };
		6D7A8AE6DC5BB3599BA11FEC /* CompListView.swift in Sources */ = {isa = PBXBuildFile; fileRef = 11A48FB6A1FFDBFBC5D65B11 /* CompListView.swift */; };
		756EF50259C7167489CB1F6C /* AssetCacheTests.swift in Sources */ = {isa = PBXBuildFile; fileRef = 54BF06670AEF4C39FDFA4219 /* AssetCacheTests.swift */; };
		75B2AB63499D9C566AC6FDB7 /* TierList.swift in Sources */ = {isa = PBXBuildFile; fileRef = 84741D0080D548EB46DC80AE /* TierList.swift */; };
		77ADF390D374839030212A62 /* TraitChip.swift in Sources */ = {isa = PBXBuildFile; fileRef = 539E5861C7FC73C5E9CE6468 /* TraitChip.swift */; };
		80F74A178F7D903660EB8309 /* RemoteFetcherTests.swift in Sources */ = {isa = PBXBuildFile; fileRef = 541A42A38D5D2F3BBFEF72DB /* RemoteFetcherTests.swift */; };
		82C77C462537CA4736AAEE4F /* SampleTierListFixtureTests.swift in Sources */ = {isa = PBXBuildFile; fileRef = B5922CE792B63A94194529F5 /* SampleTierListFixtureTests.swift */; };
		84F19EACE8C94224C494514B /* SignpostChannels.swift in Sources */ = {isa = PBXBuildFile; fileRef = 9E63EFABEA1FFA9B454004C3 /* SignpostChannels.swift */; };
		8AB0A49631F5C661E3AEC9DE /* Champion.swift in Sources */ = {isa = PBXBuildFile; fileRef = 97D7C79D860555BA5D5B3D8E /* Champion.swift */; };
		8B44A03D3B0BB997D6B01AB7 /* ChampionAssetURLTests.swift in Sources */ = {isa = PBXBuildFile; fileRef = C8BAC8263CA469DED267E340 /* ChampionAssetURLTests.swift */; };
		8BBA33119E63C8C92A3B2BD4 /* CompCardAnomaliesRow.swift in Sources */ = {isa = PBXBuildFile; fileRef = 360E266963BA9079BB8C7D16 /* CompCardAnomaliesRow.swift */; };
		903B6572525FB94D64C8383B /* ChampionCatalog.swift in Sources */ = {isa = PBXBuildFile; fileRef = 0D223214CE5BBB8334A6287F /* ChampionCatalog.swift */; };
		99A2ECF8C15DC22EDCEA8BEC /* TraitCatalogTests.swift in Sources */ = {isa = PBXBuildFile; fileRef = DE1248534A41D65219C7AECC /* TraitCatalogTests.swift */; };
		9C5509C0F22C747AD5427D75 /* ChampionAssetURL.swift in Sources */ = {isa = PBXBuildFile; fileRef = 93527FF5FD7B8BE8C4D1B9BE /* ChampionAssetURL.swift */; };
		A1B4D5038BD9119C1FDFDB0B /* HeaderBar.swift in Sources */ = {isa = PBXBuildFile; fileRef = C0EA60817F3702455F05C8CE /* HeaderBar.swift */; };
		A7830D2CF332B44C5D75A209 /* ItemAssetURLTests.swift in Sources */ = {isa = PBXBuildFile; fileRef = BF3A67185F95F6118B993DF9 /* ItemAssetURLTests.swift */; };
		A9027777B0523CA947209767 /* CompCard.swift in Sources */ = {isa = PBXBuildFile; fileRef = B81B6A52A9E119D2454B51B0 /* CompCard.swift */; };
		AAE9B746611BC3B9AE05FC40 /* HotkeyDualRouteTests.swift in Sources */ = {isa = PBXBuildFile; fileRef = 408C4335C9E01A07F2EC12A3 /* HotkeyDualRouteTests.swift */; };
		B2852316DED135C63D69798A /* TFTMacApp.swift in Sources */ = {isa = PBXBuildFile; fileRef = 7AAFB2BEA4E98364F73C8834 /* TFTMacApp.swift */; };
		B2BD7FD48F42710ECD363913 /* StarLevelIndicator.swift in Sources */ = {isa = PBXBuildFile; fileRef = 96EE02097FB0EB4EB0D46E86 /* StarLevelIndicator.swift */; };
		BFEA49A30CCA6C1587B0414E /* ItemCatalogTests.swift in Sources */ = {isa = PBXBuildFile; fileRef = CE307D191C9F426F508DCB47 /* ItemCatalogTests.swift */; };
		C624E83BD6DAFFAC23133630 /* TraitAssetURL.swift in Sources */ = {isa = PBXBuildFile; fileRef = F32D951052DED0A0E3D81DC9 /* TraitAssetURL.swift */; };
		C9E98F3531DE78284F06F3DB /* CompCardItemsRow.swift in Sources */ = {isa = PBXBuildFile; fileRef = 79793825BE7037DF55727D3D /* CompCardItemsRow.swift */; };
		CF887DD8148A02F5F16660DE /* DataManagerTests.swift in Sources */ = {isa = PBXBuildFile; fileRef = E0A5E961A14C1907B7415058 /* DataManagerTests.swift */; };
		CFB841EB1AAC813D8560F604 /* sample-tier-list.json in Resources */ = {isa = PBXBuildFile; fileRef = 35895F55BCB1220D4060B8C0 /* sample-tier-list.json */; };
		D05034CEF7FF064879E49C1D /* DiskCache.swift in Sources */ = {isa = PBXBuildFile; fileRef = 7C25CD32969743DAECB491F8 /* DiskCache.swift */; };
		D500461E6EF0DC6C60808D4E /* TraitAssetURLTests.swift in Sources */ = {isa = PBXBuildFile; fileRef = BDBDA155D31C5E39475B2BF9 /* TraitAssetURLTests.swift */; };
		D78C78C997974A720C094ED6 /* ItemCatalog.swift in Sources */ = {isa = PBXBuildFile; fileRef = B493F9514E092B07EE3AFE2B /* ItemCatalog.swift */; };
		D9685E0BB64C993D806A438A /* set17-items.json in Resources */ = {isa = PBXBuildFile; fileRef = 68A4601CF903F44C2E2F78A6 /* set17-items.json */; };
		DDB1A150EF69B6A57622E6A5 /* set17-traits.json in Resources */ = {isa = PBXBuildFile; fileRef = 035559762CD410BCD24C8553 /* set17-traits.json */; };
		E7E40C303317C1644A9EFE60 /* PlaystyleLabel.swift in Sources */ = {isa = PBXBuildFile; fileRef = 07E19F35778612EE67B70826 /* PlaystyleLabel.swift */; };
		E82217B9C29324B4A7E611F4 /* TraitActivation.swift in Sources */ = {isa = PBXBuildFile; fileRef = D2A7A6F79271F144219B84E1 /* TraitActivation.swift */; };
		F0DED9E61C4B8D75354D190D /* ChampionCatalogDataDrivenTests.swift in Sources */ = {isa = PBXBuildFile; fileRef = 61CEB6D5DC79E2A53B0C7F1F /* ChampionCatalogDataDrivenTests.swift */; };
		F2510597F67D6344C3415A89 /* OverlayWindowController.swift in Sources */ = {isa = PBXBuildFile; fileRef = DF5D9991300696D33DE47790 /* OverlayWindowController.swift */; };
		F67D9DB4BCF8DCEEC85A6B96 /* AppLaunchMetricTests.swift in Sources */ = {isa = PBXBuildFile; fileRef = 66E3A7AD5887C6F940A5C081 /* AppLaunchMetricTests.swift */; };
		F865CBC2186506E1F75209AB /* TierListPopover.swift in Sources */ = {isa = PBXBuildFile; fileRef = 68CB1DC7266A4354ED2CF025 /* TierListPopover.swift */; };
/* End PBXBuildFile section */

/* Begin PBXContainerItemProxy section */
		4468E496C6EFBF84C0D64A38 /* PBXContainerItemProxy */ = {
			isa = PBXContainerItemProxy;
			containerPortal = 1F6958DC0D6F28CCD7474467 /* Project object */;
			proxyType = 1;
			remoteGlobalIDString = C4D0C3F6E4107B384AB434BA;
			remoteInfo = TFTMac;
		};
		7483C4681965A1796AFFAB35 /* PBXContainerItemProxy */ = {
			isa = PBXContainerItemProxy;
			containerPortal = 1F6958DC0D6F28CCD7474467 /* Project object */;
			proxyType = 1;
			remoteGlobalIDString = C4D0C3F6E4107B384AB434BA;
			remoteInfo = TFTMac;
		};
/* End PBXContainerItemProxy section */

/* Begin PBXFileReference section */
		035559762CD410BCD24C8553 /* set17-traits.json */ = {isa = PBXFileReference; includeInIndex = 1; path = "set17-traits.json"; sourceTree = "<group>"; };
		07E19F35778612EE67B70826 /* PlaystyleLabel.swift */ = {isa = PBXFileReference; lastKnownFileType = sourcecode.swift; path = PlaystyleLabel.swift; sourceTree = "<group>"; };
		09008D91D764EA968EAB5D13 /* Anomaly.swift */ = {isa = PBXFileReference; includeInIndex = 1; lastKnownFileType = sourcecode.swift; path = Anomaly.swift; sourceTree = "<group>"; };
		0D223214CE5BBB8334A6287F /* ChampionCatalog.swift */ = {isa = PBXFileReference; lastKnownFileType = sourcecode.swift; path = ChampionCatalog.swift; sourceTree = "<group>"; };
		11A48FB6A1FFDBFBC5D65B11 /* CompListView.swift */ = {isa = PBXFileReference; lastKnownFileType = sourcecode.swift; path = CompListView.swift; sourceTree = "<group>"; };
		126E3335E4F268A09940758B /* TFTMac.app */ = {isa = PBXFileReference; explicitFileType = wrapper.application; includeInIndex = 0; path = TFTMac.app; sourceTree = BUILT_PRODUCTS_DIR; };
		192C52B5E5B0BD973AF4A5EA /* MenuBarIcon.swift */ = {isa = PBXFileReference; lastKnownFileType = sourcecode.swift; path = MenuBarIcon.swift; sourceTree = "<group>"; };
		19EEE04064D94531D37DBA18 /* Assets.xcassets */ = {isa = PBXFileReference; lastKnownFileType = folder.assetcatalog; path = Assets.xcassets; sourceTree = "<group>"; };
		1DF3FA4B6CC40D8756710898 /* OverlayPanelConfigTests.swift */ = {isa = PBXFileReference; lastKnownFileType = sourcecode.swift; path = OverlayPanelConfigTests.swift; sourceTree = "<group>"; };
		1F2F840FC48999922332E6F4 /* SchemaCompatibilityGate.swift */ = {isa = PBXFileReference; includeInIndex = 1; lastKnownFileType = sourcecode.swift; path = SchemaCompatibilityGate.swift; sourceTree = "<group>"; };
		1F9B8F5B4E9255537451F7E7 /* ExpandedCardViewTests.swift */ = {isa = PBXFileReference; lastKnownFileType = sourcecode.swift; path = ExpandedCardViewTests.swift; sourceTree = "<group>"; };
		220C122A4919B84DE756F8F8 /* SchemaVersion.swift */ = {isa = PBXFileReference; lastKnownFileType = sourcecode.swift; path = SchemaVersion.swift; sourceTree = "<group>"; };
		25BAFBF6E756545648D35B4E /* TraitChipTests.swift */ = {isa = PBXFileReference; includeInIndex = 1; lastKnownFileType = sourcecode.swift; path = TraitChipTests.swift; sourceTree = "<group>"; };
		269A0A3D5C491B34AC987158 /* RemoteFetcherTests.swift */ = {isa = PBXFileReference; includeInIndex = 1; lastKnownFileType = sourcecode.swift; path = RemoteFetcherTests.swift; sourceTree = "<group>"; };
		2D404D2578DD4ABD7A666458 /* TFTMacUITests.xctest */ = {isa = PBXFileReference; explicitFileType = wrapper.cfbundle; includeInIndex = 0; path = TFTMacUITests.xctest; sourceTree = BUILT_PRODUCTS_DIR; };
		35895F55BCB1220D4060B8C0 /* sample-tier-list.json */ = {isa = PBXFileReference; lastKnownFileType = text.json; path = "sample-tier-list.json"; sourceTree = "<group>"; };
		360E266963BA9079BB8C7D16 /* CompCardAnomaliesRow.swift */ = {isa = PBXFileReference; includeInIndex = 1; lastKnownFileType = sourcecode.swift; path = CompCardAnomaliesRow.swift; sourceTree = "<group>"; };
		3BEBBA191062ECDC03605031 /* HotkeyRegistrar.swift */ = {isa = PBXFileReference; lastKnownFileType = sourcecode.swift; path = HotkeyRegistrar.swift; sourceTree = "<group>"; };
		3D2924AF422FD54F123FC278 /* Theme.swift */ = {isa = PBXFileReference; lastKnownFileType = sourcecode.swift; path = Theme.swift; sourceTree = "<group>"; };
		408C4335C9E01A07F2EC12A3 /* HotkeyDualRouteTests.swift */ = {isa = PBXFileReference; lastKnownFileType = sourcecode.swift; path = HotkeyDualRouteTests.swift; sourceTree = "<group>"; };
		41A098A4082EC9835F25BCB6 /* FilterBar.swift */ = {isa = PBXFileReference; lastKnownFileType = sourcecode.swift; path = FilterBar.swift; sourceTree = "<group>"; };
		4253A261F0CB1BD35211BA94 /* README.md */ = {isa = PBXFileReference; lastKnownFileType = net.daringfireball.markdown; path = README.md; sourceTree = "<group>"; };
		440359D9C1275EF88836858D /* TFTMacTests.xctest */ = {isa = PBXFileReference; explicitFileType = wrapper.cfbundle; includeInIndex = 0; path = TFTMacTests.xctest; sourceTree = BUILT_PRODUCTS_DIR; };
		44646BD2DACAAFBE72693A49 /* UpdateRequiredOverlay.swift */ = {isa = PBXFileReference; includeInIndex = 1; lastKnownFileType = sourcecode.swift; path = UpdateRequiredOverlay.swift; sourceTree = "<group>"; };
		49D08A952BE987A845BBE535 /* ChampionPortrait.swift */ = {isa = PBXFileReference; lastKnownFileType = sourcecode.swift; path = ChampionPortrait.swift; sourceTree = "<group>"; };
		4B86EC7F061753D7269BC112 /* BundleIdentifierRegressionTest.swift */ = {isa = PBXFileReference; lastKnownFileType = sourcecode.swift; path = BundleIdentifierRegressionTest.swift; sourceTree = "<group>"; };
		539E5861C7FC73C5E9CE6468 /* TraitChip.swift */ = {isa = PBXFileReference; includeInIndex = 1; lastKnownFileType = sourcecode.swift; path = TraitChip.swift; sourceTree = "<group>"; };
		541A42A38D5D2F3BBFEF72DB /* RemoteFetcherTests.swift */ = {isa = PBXFileReference; lastKnownFileType = sourcecode.swift; name = RemoteFetcherTests.swift; path = TFTMacTests/RemoteFetcherTests.swift; sourceTree = SOURCE_ROOT; };
		54BF06670AEF4C39FDFA4219 /* AssetCacheTests.swift */ = {isa = PBXFileReference; includeInIndex = 1; lastKnownFileType = sourcecode.swift; path = AssetCacheTests.swift; sourceTree = "<group>"; };
		55FE238C626AABAC06C90DC0 /* SchemaCompatibilityGateTests.swift */ = {isa = PBXFileReference; includeInIndex = 1; lastKnownFileType = sourcecode.swift; path = SchemaCompatibilityGateTests.swift; sourceTree = "<group>"; };
		61CEB6D5DC79E2A53B0C7F1F /* ChampionCatalogDataDrivenTests.swift */ = {isa = PBXFileReference; includeInIndex = 1; lastKnownFileType = sourcecode.swift; path = ChampionCatalogDataDrivenTests.swift; sourceTree = "<group>"; };
		66D86BC5ED70D3AD253DEE69 /* DataManager.swift */ = {isa = PBXFileReference; lastKnownFileType = sourcecode.swift; path = DataManager.swift; sourceTree = "<group>"; };
		66E3A7AD5887C6F940A5C081 /* AppLaunchMetricTests.swift */ = {isa = PBXFileReference; lastKnownFileType = sourcecode.swift; path = AppLaunchMetricTests.swift; sourceTree = "<group>"; };
		68A4601CF903F44C2E2F78A6 /* set17-items.json */ = {isa = PBXFileReference; includeInIndex = 1; path = "set17-items.json"; sourceTree = "<group>"; };
		68CB1DC7266A4354ED2CF025 /* TierListPopover.swift */ = {isa = PBXFileReference; lastKnownFileType = sourcecode.swift; path = TierListPopover.swift; sourceTree = "<group>"; };
		6C824FBFA03AE1187FA0A25B /* SchemaCompatibilityGateTests.swift */ = {isa = PBXFileReference; lastKnownFileType = sourcecode.swift; name = SchemaCompatibilityGateTests.swift; path = TFTMacTests/SchemaCompatibilityGateTests.swift; sourceTree = SOURCE_ROOT; };
		6F5ABAB08CC8CA23E71E2ED6 /* Comp.swift */ = {isa = PBXFileReference; lastKnownFileType = sourcecode.swift; path = Comp.swift; sourceTree = "<group>"; };
		79793825BE7037DF55727D3D /* CompCardItemsRow.swift */ = {isa = PBXFileReference; lastKnownFileType = sourcecode.swift; path = CompCardItemsRow.swift; sourceTree = "<group>"; };
		7AAFB2BEA4E98364F73C8834 /* TFTMacApp.swift */ = {isa = PBXFileReference; lastKnownFileType = sourcecode.swift; path = TFTMacApp.swift; sourceTree = "<group>"; };
		7BA344AB7AA03C301EF4BB59 /* Info.plist */ = {isa = PBXFileReference; lastKnownFileType = text.plist; path = Info.plist; sourceTree = "<group>"; };
		7C25CD32969743DAECB491F8 /* DiskCache.swift */ = {isa = PBXFileReference; includeInIndex = 1; lastKnownFileType = sourcecode.swift; path = DiskCache.swift; sourceTree = "<group>"; };
		8237EA39030E50F973B39DBB /* TraitCatalog.swift */ = {isa = PBXFileReference; includeInIndex = 1; lastKnownFileType = sourcecode.swift; path = TraitCatalog.swift; sourceTree = "<group>"; };
		8245189EAD6AB976B704EC62 /* Banners.swift */ = {isa = PBXFileReference; lastKnownFileType = sourcecode.swift; path = Banners.swift; sourceTree = "<group>"; };
		8438AC7DD0CAC57803AAC228 /* ItemAssetURL.swift */ = {isa = PBXFileReference; includeInIndex = 1; lastKnownFileType = sourcecode.swift; path = ItemAssetURL.swift; sourceTree = "<group>"; };
		84741D0080D548EB46DC80AE /* TierList.swift */ = {isa = PBXFileReference; lastKnownFileType = sourcecode.swift; path = TierList.swift; sourceTree = "<group>"; };
		8C91D03ECF3874347C0DA128 /* TFTMac.entitlements */ = {isa = PBXFileReference; lastKnownFileType = text.plist.entitlements; path = TFTMac.entitlements; sourceTree = "<group>"; };
		903FB369DDE0BBE4B8A7726E /* TierListDecodingTests.swift */ = {isa = PBXFileReference; lastKnownFileType = sourcecode.swift; path = TierListDecodingTests.swift; sourceTree = "<group>"; };
		93527FF5FD7B8BE8C4D1B9BE /* ChampionAssetURL.swift */ = {isa = PBXFileReference; includeInIndex = 1; lastKnownFileType = sourcecode.swift; path = ChampionAssetURL.swift; sourceTree = "<group>"; };
		96EE02097FB0EB4EB0D46E86 /* StarLevelIndicator.swift */ = {isa = PBXFileReference; lastKnownFileType = sourcecode.swift; path = StarLevelIndicator.swift; sourceTree = "<group>"; };
		97908C22E477CB38DEE794E1 /* OverlayPanel.swift */ = {isa = PBXFileReference; lastKnownFileType = sourcecode.swift; path = OverlayPanel.swift; sourceTree = "<group>"; };
		97D7C79D860555BA5D5B3D8E /* Champion.swift */ = {isa = PBXFileReference; lastKnownFileType = sourcecode.swift; path = Champion.swift; sourceTree = "<group>"; };
		99B28BDF2730EE506D4EC3F5 /* HotkeyRegistrationTests.swift */ = {isa = PBXFileReference; lastKnownFileType = sourcecode.swift; path = HotkeyRegistrationTests.swift; sourceTree = "<group>"; };
		9A541949C011588F6C3AEBDC /* TraitActivationDecodingTests.swift */ = {isa = PBXFileReference; includeInIndex = 1; lastKnownFileType = sourcecode.swift; path = TraitActivationDecodingTests.swift; sourceTree = "<group>"; };
		9E63EFABEA1FFA9B454004C3 /* SignpostChannels.swift */ = {isa = PBXFileReference; lastKnownFileType = sourcecode.swift; path = SignpostChannels.swift; sourceTree = "<group>"; };
		AA74AA61E19A17A0D70054DE /* SchemaVersionTests.swift */ = {isa = PBXFileReference; lastKnownFileType = sourcecode.swift; path = SchemaVersionTests.swift; sourceTree = "<group>"; };
		B1CD26B39417A2B66F116F5D /* FilterBarTests.swift */ = {isa = PBXFileReference; lastKnownFileType = sourcecode.swift; path = FilterBarTests.swift; sourceTree = "<group>"; };
		B493F9514E092B07EE3AFE2B /* ItemCatalog.swift */ = {isa = PBXFileReference; lastKnownFileType = sourcecode.swift; path = ItemCatalog.swift; sourceTree = "<group>"; };
		B5922CE792B63A94194529F5 /* SampleTierListFixtureTests.swift */ = {isa = PBXFileReference; lastKnownFileType = sourcecode.swift; path = SampleTierListFixtureTests.swift; sourceTree = "<group>"; };
		B81B6A52A9E119D2454B51B0 /* CompCard.swift */ = {isa = PBXFileReference; lastKnownFileType = sourcecode.swift; path = CompCard.swift; sourceTree = "<group>"; };
		BDBDA155D31C5E39475B2BF9 /* TraitAssetURLTests.swift */ = {isa = PBXFileReference; includeInIndex = 1; lastKnownFileType = sourcecode.swift; path = TraitAssetURLTests.swift; sourceTree = "<group>"; };
		BF3A67185F95F6118B993DF9 /* ItemAssetURLTests.swift */ = {isa = PBXFileReference; includeInIndex = 1; lastKnownFileType = sourcecode.swift; path = ItemAssetURLTests.swift; sourceTree = "<group>"; };
		BFB6C6F945F61052526D482D /* RemoteFetcher.swift */ = {isa = PBXFileReference; includeInIndex = 1; lastKnownFileType = sourcecode.swift; path = RemoteFetcher.swift; sourceTree = "<group>"; };
		C0EA60817F3702455F05C8CE /* HeaderBar.swift */ = {isa = PBXFileReference; lastKnownFileType = sourcecode.swift; path = HeaderBar.swift; sourceTree = "<group>"; };
		C8BAC8263CA469DED267E340 /* ChampionAssetURLTests.swift */ = {isa = PBXFileReference; includeInIndex = 1; lastKnownFileType = sourcecode.swift; path = ChampionAssetURLTests.swift; sourceTree = "<group>"; };
		CBA115C2517FEE2DCF4EE12B /* AssetCache.swift */ = {isa = PBXFileReference; includeInIndex = 1; lastKnownFileType = sourcecode.swift; path = AssetCache.swift; sourceTree = "<group>"; };
		CE307D191C9F426F508DCB47 /* ItemCatalogTests.swift */ = {isa = PBXFileReference; includeInIndex = 1; lastKnownFileType = sourcecode.swift; path = ItemCatalogTests.swift; sourceTree = "<group>"; };
		D2A7A6F79271F144219B84E1 /* TraitActivation.swift */ = {isa = PBXFileReference; includeInIndex = 1; lastKnownFileType = sourcecode.swift; path = TraitActivation.swift; sourceTree = "<group>"; };
		D468C719BA17077DC5C43A33 /* ExpandedCardView.swift */ = {isa = PBXFileReference; lastKnownFileType = sourcecode.swift; path = ExpandedCardView.swift; sourceTree = "<group>"; };
		D86BAA3006DAEF0F74B1DF37 /* set17-champions.json */ = {isa = PBXFileReference; includeInIndex = 1; path = "set17-champions.json"; sourceTree = "<group>"; };
		DE081998A8013D5EBA3CA19F /* CompCardV2Tests.swift */ = {isa = PBXFileReference; lastKnownFileType = sourcecode.swift; path = CompCardV2Tests.swift; sourceTree = "<group>"; };
		DE1248534A41D65219C7AECC /* TraitCatalogTests.swift */ = {isa = PBXFileReference; includeInIndex = 1; lastKnownFileType = sourcecode.swift; path = TraitCatalogTests.swift; sourceTree = "<group>"; };
		DF5D9991300696D33DE47790 /* OverlayWindowController.swift */ = {isa = PBXFileReference; lastKnownFileType = sourcecode.swift; path = OverlayWindowController.swift; sourceTree = "<group>"; };
		E0A5E961A14C1907B7415058 /* DataManagerTests.swift */ = {isa = PBXFileReference; lastKnownFileType = sourcecode.swift; path = DataManagerTests.swift; sourceTree = "<group>"; };
		F32D951052DED0A0E3D81DC9 /* TraitAssetURL.swift */ = {isa = PBXFileReference; includeInIndex = 1; lastKnownFileType = sourcecode.swift; path = TraitAssetURL.swift; sourceTree = "<group>"; };
		FAA4F26E863E5EDA109EE167 /* OverlayWindowControllerTests.swift */ = {isa = PBXFileReference; lastKnownFileType = sourcecode.swift; path = OverlayWindowControllerTests.swift; sourceTree = "<group>"; };
/* End PBXFileReference section */

/* Begin PBXFrameworksBuildPhase section */
		C117C1FFD7AEF00B9EB6FBBB /* Frameworks */ = {
			isa = PBXFrameworksBuildPhase;
			buildActionMask = 2147483647;
			files = (
				469A1936BFF5647A9A0859E1 /* HotKey in Frameworks */,
			);
			runOnlyForDeploymentPostprocessing = 0;
		};
/* End PBXFrameworksBuildPhase section */

/* Begin PBXGroup section */
		245B78B6B065316AD728132D /* Models */ = {
			isa = PBXGroup;
			children = (
				97D7C79D860555BA5D5B3D8E /* Champion.swift */,
				6F5ABAB08CC8CA23E71E2ED6 /* Comp.swift */,
				220C122A4919B84DE756F8F8 /* SchemaVersion.swift */,
				84741D0080D548EB46DC80AE /* TierList.swift */,
				09008D91D764EA968EAB5D13 /* Anomaly.swift */,
				D2A7A6F79271F144219B84E1 /* TraitActivation.swift */,
			);
			path = Models;
			sourceTree = "<group>";
		};
		3157A4328ADF5015684E9D0E /* Generated */ = {
			isa = PBXGroup;
			children = (
				0D223214CE5BBB8334A6287F /* ChampionCatalog.swift */,
				B493F9514E092B07EE3AFE2B /* ItemCatalog.swift */,
				8237EA39030E50F973B39DBB /* TraitCatalog.swift */,
			);
			path = Generated;
			sourceTree = "<group>";
		};
		4EBAA274E01C6790969F8582 = {
			isa = PBXGroup;
			children = (
				76F2D5868C9F8AAE4A3B0D02 /* TFTMac */,
				56EDCDCB3C726A9A73FB37FD /* TFTMacTests */,
				B95BA957731902F9C9E8F49E /* TFTMacUITests */,
				9E3E53AF55FCAF3FC8BB1214 /* Products */,
				541A42A38D5D2F3BBFEF72DB /* RemoteFetcherTests.swift */,
				6C824FBFA03AE1187FA0A25B /* SchemaCompatibilityGateTests.swift */,
			);
			sourceTree = "<group>";
		};
		56EDCDCB3C726A9A73FB37FD /* TFTMacTests */ = {
			isa = PBXGroup;
			children = (
				4B86EC7F061753D7269BC112 /* BundleIdentifierRegressionTest.swift */,
				DE081998A8013D5EBA3CA19F /* CompCardV2Tests.swift */,
				E0A5E961A14C1907B7415058 /* DataManagerTests.swift */,
				1F9B8F5B4E9255537451F7E7 /* ExpandedCardViewTests.swift */,
				B1CD26B39417A2B66F116F5D /* FilterBarTests.swift */,
				408C4335C9E01A07F2EC12A3 /* HotkeyDualRouteTests.swift */,
				99B28BDF2730EE506D4EC3F5 /* HotkeyRegistrationTests.swift */,
				1DF3FA4B6CC40D8756710898 /* OverlayPanelConfigTests.swift */,
				FAA4F26E863E5EDA109EE167 /* OverlayWindowControllerTests.swift */,
				AA74AA61E19A17A0D70054DE /* SchemaVersionTests.swift */,
				903FB369DDE0BBE4B8A7726E /* TierListDecodingTests.swift */,
				CB5C90FFA1FA06CE6EAFB0F1 /* regression */,
				269A0A3D5C491B34AC987158 /* RemoteFetcherTests.swift */,
				55FE238C626AABAC06C90DC0 /* SchemaCompatibilityGateTests.swift */,
				C8BAC8263CA469DED267E340 /* ChampionAssetURLTests.swift */,
				54BF06670AEF4C39FDFA4219 /* AssetCacheTests.swift */,
				61CEB6D5DC79E2A53B0C7F1F /* ChampionCatalogDataDrivenTests.swift */,
				9A541949C011588F6C3AEBDC /* TraitActivationDecodingTests.swift */,
				BDBDA155D31C5E39475B2BF9 /* TraitAssetURLTests.swift */,
				DE1248534A41D65219C7AECC /* TraitCatalogTests.swift */,
				25BAFBF6E756545648D35B4E /* TraitChipTests.swift */,
				BF3A67185F95F6118B993DF9 /* ItemAssetURLTests.swift */,
				CE307D191C9F426F508DCB47 /* ItemCatalogTests.swift */,
			);
			path = TFTMacTests;
			sourceTree = "<group>";
		};
		6A1604540A91A0670B5836C1 /* Resources */ = {
			isa = PBXGroup;
			children = (
				7BA344AB7AA03C301EF4BB59 /* Info.plist */,
				35895F55BCB1220D4060B8C0 /* sample-tier-list.json */,
				8C91D03ECF3874347C0DA128 /* TFTMac.entitlements */,
				3D2924AF422FD54F123FC278 /* Theme.swift */,
				D86BAA3006DAEF0F74B1DF37 /* set17-champions.json */,
				035559762CD410BCD24C8553 /* set17-traits.json */,
				68A4601CF903F44C2E2F78A6 /* set17-items.json */,
			);
			path = Resources;
			sourceTree = "<group>";
		};
		76F2D5868C9F8AAE4A3B0D02 /* TFTMac */ = {
			isa = PBXGroup;
			children = (
				19EEE04064D94531D37DBA18 /* Assets.xcassets */,
				7AAFB2BEA4E98364F73C8834 /* TFTMacApp.swift */,
				3157A4328ADF5015684E9D0E /* Generated */,
				245B78B6B065316AD728132D /* Models */,
				6A1604540A91A0670B5836C1 /* Resources */,
				DE5CBD938B64A339D08CA19F /* Services */,
				BB92296FBF31C5A2A0069095 /* Views */,
			);
			path = TFTMac;
			sourceTree = "<group>";
		};
		9E3E53AF55FCAF3FC8BB1214 /* Products */ = {
			isa = PBXGroup;
			children = (
				126E3335E4F268A09940758B /* TFTMac.app */,
				440359D9C1275EF88836858D /* TFTMacTests.xctest */,
				2D404D2578DD4ABD7A666458 /* TFTMacUITests.xctest */,
			);
			name = Products;
			sourceTree = "<group>";
		};
		B95BA957731902F9C9E8F49E /* TFTMacUITests */ = {
			isa = PBXGroup;
			children = (
				66E3A7AD5887C6F940A5C081 /* AppLaunchMetricTests.swift */,
				4253A261F0CB1BD35211BA94 /* README.md */,
			);
			path = TFTMacUITests;
			sourceTree = "<group>";
		};
		BB92296FBF31C5A2A0069095 /* Views */ = {
			isa = PBXGroup;
			children = (
				8245189EAD6AB976B704EC62 /* Banners.swift */,
				49D08A952BE987A845BBE535 /* ChampionPortrait.swift */,
				B81B6A52A9E119D2454B51B0 /* CompCard.swift */,
				79793825BE7037DF55727D3D /* CompCardItemsRow.swift */,
				11A48FB6A1FFDBFBC5D65B11 /* CompListView.swift */,
				D468C719BA17077DC5C43A33 /* ExpandedCardView.swift */,
				41A098A4082EC9835F25BCB6 /* FilterBar.swift */,
				C0EA60817F3702455F05C8CE /* HeaderBar.swift */,
				192C52B5E5B0BD973AF4A5EA /* MenuBarIcon.swift */,
				97908C22E477CB38DEE794E1 /* OverlayPanel.swift */,
				DF5D9991300696D33DE47790 /* OverlayWindowController.swift */,
				07E19F35778612EE67B70826 /* PlaystyleLabel.swift */,
				96EE02097FB0EB4EB0D46E86 /* StarLevelIndicator.swift */,
				68CB1DC7266A4354ED2CF025 /* TierListPopover.swift */,
				360E266963BA9079BB8C7D16 /* CompCardAnomaliesRow.swift */,
				44646BD2DACAAFBE72693A49 /* UpdateRequiredOverlay.swift */,
				539E5861C7FC73C5E9CE6468 /* TraitChip.swift */,
			);
			path = Views;
			sourceTree = "<group>";
		};
		CB5C90FFA1FA06CE6EAFB0F1 /* regression */ = {
			isa = PBXGroup;
			children = (
				B5922CE792B63A94194529F5 /* SampleTierListFixtureTests.swift */,
			);
			path = regression;
			sourceTree = "<group>";
		};
		DE5CBD938B64A339D08CA19F /* Services */ = {
			isa = PBXGroup;
			children = (
				66D86BC5ED70D3AD253DEE69 /* DataManager.swift */,
				3BEBBA191062ECDC03605031 /* HotkeyRegistrar.swift */,
				9E63EFABEA1FFA9B454004C3 /* SignpostChannels.swift */,
				1F2F840FC48999922332E6F4 /* SchemaCompatibilityGate.swift */,
				7C25CD32969743DAECB491F8 /* DiskCache.swift */,
				BFB6C6F945F61052526D482D /* RemoteFetcher.swift */,
				93527FF5FD7B8BE8C4D1B9BE /* ChampionAssetURL.swift */,
				CBA115C2517FEE2DCF4EE12B /* AssetCache.swift */,
				F32D951052DED0A0E3D81DC9 /* TraitAssetURL.swift */,
				8438AC7DD0CAC57803AAC228 /* ItemAssetURL.swift */,
			);
			path = Services;
			sourceTree = "<group>";
		};
/* End PBXGroup section */

/* Begin PBXNativeTarget section */
		5E7267300D393DD27A68DD07 /* TFTMacUITests */ = {
			isa = PBXNativeTarget;
			buildConfigurationList = 39A1E06B6D6B012614EB56BC /* Build configuration list for PBXNativeTarget "TFTMacUITests" */;
			buildPhases = (
				495364D95CBBC23D0BC7EF1A /* Sources */,
				A5D7A93D1A75E89D075F15C6 /* Resources */,
			);
			buildRules = (
			);
			dependencies = (
				D2A7DE213FF1620C6191DC64 /* PBXTargetDependency */,
			);
			name = TFTMacUITests;
			productName = TFTMacUITests;
			productReference = 2D404D2578DD4ABD7A666458 /* TFTMacUITests.xctest */;
			productType = "com.apple.product-type.bundle.ui-testing";
		};
		88978D2DBB9356FCC54FFB0C /* TFTMacTests */ = {
			isa = PBXNativeTarget;
			buildConfigurationList = B56343366A5A8CD3556C0F5D /* Build configuration list for PBXNativeTarget "TFTMacTests" */;
			buildPhases = (
				5FFA2D65BF00E742A5E9790D /* Sources */,
			);
			buildRules = (
			);
			dependencies = (
				CFC8A9B0D528FC6004E83250 /* PBXTargetDependency */,
			);
			name = TFTMacTests;
			productName = TFTMacTests;
			productReference = 440359D9C1275EF88836858D /* TFTMacTests.xctest */;
			productType = "com.apple.product-type.bundle.unit-test";
		};
		C4D0C3F6E4107B384AB434BA /* TFTMac */ = {
			isa = PBXNativeTarget;
			buildConfigurationList = 036F1782B6D46A2615F84389 /* Build configuration list for PBXNativeTarget "TFTMac" */;
			buildPhases = (
				A5778A9EDBE4CBFA2FB2A7B4 /* Sources */,
				F2A667E15977792D0C5D4C87 /* Resources */,
				C117C1FFD7AEF00B9EB6FBBB /* Frameworks */,
			);
			buildRules = (
			);
			dependencies = (
			);
			name = TFTMac;
			packageProductDependencies = (
				0803FDD71794EA03FA6D96FA /* HotKey */,
			);
			productName = TFTMac;
			productReference = 126E3335E4F268A09940758B /* TFTMac.app */;
			productType = "com.apple.product-type.application";
		};
/* End PBXNativeTarget section */

/* Begin PBXProject section */
		1F6958DC0D6F28CCD7474467 /* Project object */ = {
			isa = PBXProject;
			attributes = {
				BuildIndependentTargetsInParallel = YES;
				LastUpgradeCheck = 1500;
				TargetAttributes = {
					5E7267300D393DD27A68DD07 = {
						ProvisioningStyle = Manual;
						TestTargetID = C4D0C3F6E4107B384AB434BA;
					};
					88978D2DBB9356FCC54FFB0C = {
						ProvisioningStyle = Manual;
					};
					C4D0C3F6E4107B384AB434BA = {
						ProvisioningStyle = Automatic;
					};
				};
			};
			buildConfigurationList = 9F64928A5439B376D59241AD /* Build configuration list for PBXProject "TFTMac" */;
			developmentRegion = en;
			hasScannedForEncodings = 0;
			knownRegions = (
				Base,
				en,
			);
			mainGroup = 4EBAA274E01C6790969F8582;
			minimizedProjectReferenceProxies = 1;
			packageReferences = (
				80C760BAD772E4905C7E5F9A /* XCRemoteSwiftPackageReference "HotKey" */,
			);
			preferredProjectObjectVersion = 77;
			productRefGroup = 9E3E53AF55FCAF3FC8BB1214 /* Products */;
			projectDirPath = "";
			projectRoot = "";
			targets = (
				C4D0C3F6E4107B384AB434BA /* TFTMac */,
				88978D2DBB9356FCC54FFB0C /* TFTMacTests */,
				5E7267300D393DD27A68DD07 /* TFTMacUITests */,
			);
		};
/* End PBXProject section */

/* Begin PBXResourcesBuildPhase section */
		A5D7A93D1A75E89D075F15C6 /* Resources */ = {
			isa = PBXResourcesBuildPhase;
			buildActionMask = 2147483647;
			files = (
				1887F0E047449B1139366DAF /* README.md in Resources */,
			);
			runOnlyForDeploymentPostprocessing = 0;
		};
		F2A667E15977792D0C5D4C87 /* Resources */ = {
			isa = PBXResourcesBuildPhase;
			buildActionMask = 2147483647;
			files = (
				28052BC883E79ECF09F73814 /* Assets.xcassets in Resources */,
				CFB841EB1AAC813D8560F604 /* sample-tier-list.json in Resources */,
				1E8966B571334E674956495B /* set17-champions.json in Resources */,
				DDB1A150EF69B6A57622E6A5 /* set17-traits.json in Resources */,
				D9685E0BB64C993D806A438A /* set17-items.json in Resources */,
			);
			runOnlyForDeploymentPostprocessing = 0;
		};
/* End PBXResourcesBuildPhase section */

/* Begin PBXSourcesBuildPhase section */
		495364D95CBBC23D0BC7EF1A /* Sources */ = {
			isa = PBXSourcesBuildPhase;
			buildActionMask = 2147483647;
			files = (
				F67D9DB4BCF8DCEEC85A6B96 /* AppLaunchMetricTests.swift in Sources */,
			);
			runOnlyForDeploymentPostprocessing = 0;
		};
		5FFA2D65BF00E742A5E9790D /* Sources */ = {
			isa = PBXSourcesBuildPhase;
			buildActionMask = 2147483647;
			files = (
				40B36D9552E908B535C578FC /* BundleIdentifierRegressionTest.swift in Sources */,
				1CAD6845D6D43FDAD355B8F4 /* CompCardV2Tests.swift in Sources */,
				CF887DD8148A02F5F16660DE /* DataManagerTests.swift in Sources */,
				5E5CEF31B4C80EADD2ACE50B /* ExpandedCardViewTests.swift in Sources */,
				34A8BA45363004D83EA808CE /* FilterBarTests.swift in Sources */,
				AAE9B746611BC3B9AE05FC40 /* HotkeyDualRouteTests.swift in Sources */,
				074C53FB79598B7787DBF0C3 /* HotkeyRegistrationTests.swift in Sources */,
				5A49F310F10BE5472E106862 /* OverlayPanelConfigTests.swift in Sources */,
				336C08FA589C18FAB80D0A5F /* OverlayWindowControllerTests.swift in Sources */,
				82C77C462537CA4736AAEE4F /* SampleTierListFixtureTests.swift in Sources */,
				531088914ED113C13B273139 /* SchemaVersionTests.swift in Sources */,
				47FBC478CC0318655F47B82B /* TierListDecodingTests.swift in Sources */,
				80F74A178F7D903660EB8309 /* RemoteFetcherTests.swift in Sources */,
				681D4A66A22D74F87E3C80B6 /* SchemaCompatibilityGateTests.swift in Sources */,
				8B44A03D3B0BB997D6B01AB7 /* ChampionAssetURLTests.swift in Sources */,
				756EF50259C7167489CB1F6C /* AssetCacheTests.swift in Sources */,
				F0DED9E61C4B8D75354D190D /* ChampionCatalogDataDrivenTests.swift in Sources */,
				4C9B6EA02D94F682CE9EF128 /* TraitActivationDecodingTests.swift in Sources */,
				D500461E6EF0DC6C60808D4E /* TraitAssetURLTests.swift in Sources */,
				99A2ECF8C15DC22EDCEA8BEC /* TraitCatalogTests.swift in Sources */,
				244E076B7D2BEEBD765B774B /* TraitChipTests.swift in Sources */,
				A7830D2CF332B44C5D75A209 /* ItemAssetURLTests.swift in Sources */,
				BFEA49A30CCA6C1587B0414E /* ItemCatalogTests.swift in Sources */,
			);
			runOnlyForDeploymentPostprocessing = 0;
		};
		A5778A9EDBE4CBFA2FB2A7B4 /* Sources */ = {
			isa = PBXSourcesBuildPhase;
			buildActionMask = 2147483647;
			files = (
				2B40DE17A381B29CE515D301 /* Banners.swift in Sources */,
				8AB0A49631F5C661E3AEC9DE /* Champion.swift in Sources */,
				903B6572525FB94D64C8383B /* ChampionCatalog.swift in Sources */,
				3D9B3687CEB2B756E2154DF8 /* ChampionPortrait.swift in Sources */,
				0969AD5F3AD9FC366F0DADD0 /* Comp.swift in Sources */,
				A9027777B0523CA947209767 /* CompCard.swift in Sources */,
				C9E98F3531DE78284F06F3DB /* CompCardItemsRow.swift in Sources */,
				6D7A8AE6DC5BB3599BA11FEC /* CompListView.swift in Sources */,
				02EBBB7E015E608365E806FA /* DataManager.swift in Sources */,
				253A37CD9259A374546933DE /* ExpandedCardView.swift in Sources */,
				01241F0C078DCE19F0D4EB54 /* FilterBar.swift in Sources */,
				A1B4D5038BD9119C1FDFDB0B /* HeaderBar.swift in Sources */,
				6899337443B12C07ADE1DA2D /* HotkeyRegistrar.swift in Sources */,
				D78C78C997974A720C094ED6 /* ItemCatalog.swift in Sources */,
				299DD890745772F1130FC723 /* MenuBarIcon.swift in Sources */,
				41BA8DC58A431F183CD26322 /* OverlayPanel.swift in Sources */,
				F2510597F67D6344C3415A89 /* OverlayWindowController.swift in Sources */,
				E7E40C303317C1644A9EFE60 /* PlaystyleLabel.swift in Sources */,
				1F4757346973F944761750C6 /* SchemaVersion.swift in Sources */,
				84F19EACE8C94224C494514B /* SignpostChannels.swift in Sources */,
				B2BD7FD48F42710ECD363913 /* StarLevelIndicator.swift in Sources */,
				B2852316DED135C63D69798A /* TFTMacApp.swift in Sources */,
				306D7AE684A5A69394BA387B /* Theme.swift in Sources */,
				75B2AB63499D9C566AC6FDB7 /* TierList.swift in Sources */,
				F865CBC2186506E1F75209AB /* TierListPopover.swift in Sources */,
				471AEAD45FB29AF924771442 /* Anomaly.swift in Sources */,
				6D18CBB34B9EF5BAB0276354 /* SchemaCompatibilityGate.swift in Sources */,
				D05034CEF7FF064879E49C1D /* DiskCache.swift in Sources */,
				3D03A142D0B8B2B2DC2DE002 /* RemoteFetcher.swift in Sources */,
				8BBA33119E63C8C92A3B2BD4 /* CompCardAnomaliesRow.swift in Sources */,
				69FAD140D65DF3473F852296 /* UpdateRequiredOverlay.swift in Sources */,
				9C5509C0F22C747AD5427D75 /* ChampionAssetURL.swift in Sources */,
				53653C1EB595AA2AA3A54A50 /* AssetCache.swift in Sources */,
				E82217B9C29324B4A7E611F4 /* TraitActivation.swift in Sources */,
				028589211DF59B8873B64796 /* TraitCatalog.swift in Sources */,
				C624E83BD6DAFFAC23133630 /* TraitAssetURL.swift in Sources */,
				77ADF390D374839030212A62 /* TraitChip.swift in Sources */,
				57E1AB0930EBE8BDC235DEAB /* ItemAssetURL.swift in Sources */,
			);
			runOnlyForDeploymentPostprocessing = 0;
		};
/* End PBXSourcesBuildPhase section */

/* Begin PBXTargetDependency section */
		CFC8A9B0D528FC6004E83250 /* PBXTargetDependency */ = {
			isa = PBXTargetDependency;
			target = C4D0C3F6E4107B384AB434BA /* TFTMac */;
			targetProxy = 4468E496C6EFBF84C0D64A38 /* PBXContainerItemProxy */;
		};
		D2A7DE213FF1620C6191DC64 /* PBXTargetDependency */ = {
			isa = PBXTargetDependency;
			target = C4D0C3F6E4107B384AB434BA /* TFTMac */;
			targetProxy = 7483C4681965A1796AFFAB35 /* PBXContainerItemProxy */;
		};
/* End PBXTargetDependency section */

/* Begin XCBuildConfiguration section */
		12A22D144D594F5B817DA9E5 /* Debug */ = {
			isa = XCBuildConfiguration;
			buildSettings = {
				BUNDLE_LOADER = "$(TEST_HOST)";
				CODE_SIGN_IDENTITY = "-";
				CODE_SIGN_STYLE = Manual;
				COMBINE_HIDPI_IMAGES = YES;
				GENERATE_INFOPLIST_FILE = YES;
				LD_RUNPATH_SEARCH_PATHS = (
					"$(inherited)",
					"@executable_path/../Frameworks",
					"@loader_path/../Frameworks",
				);
				MACOSX_DEPLOYMENT_TARGET = 13.0;
				PRODUCT_BUNDLE_IDENTIFIER = io.psychomafia.tfthellelo.tests;
				SDKROOT = macosx;
				TEST_HOST = "$(BUILT_PRODUCTS_DIR)/TFTMac.app/Contents/MacOS/TFTMac";
			};
			name = Debug;
		};
		3C7BEC37BADA1E077F60C80F /* Release */ = {
			isa = XCBuildConfiguration;
			buildSettings = {
				BUNDLE_LOADER = "$(TEST_HOST)";
				CODE_SIGN_IDENTITY = "-";
				CODE_SIGN_STYLE = Manual;
				COMBINE_HIDPI_IMAGES = YES;
				GENERATE_INFOPLIST_FILE = YES;
				LD_RUNPATH_SEARCH_PATHS = (
					"$(inherited)",
					"@executable_path/../Frameworks",
					"@loader_path/../Frameworks",
				);
				MACOSX_DEPLOYMENT_TARGET = 13.0;
				PRODUCT_BUNDLE_IDENTIFIER = io.psychomafia.tfthellelo.tests;
				SDKROOT = macosx;
				TEST_HOST = "$(BUILT_PRODUCTS_DIR)/TFTMac.app/Contents/MacOS/TFTMac";
			};
			name = Release;
		};
		584253D8CB8B95B5676EC2C7 /* Debug */ = {
			isa = XCBuildConfiguration;
			buildSettings = {
				ASSETCATALOG_COMPILER_APPICON_NAME = AppIcon;
				ASSETCATALOG_COMPILER_GLOBAL_ACCENT_COLOR_NAME = AccentColor;
				CODE_SIGN_ENTITLEMENTS = TFTMac/Resources/TFTMac.entitlements;
				CODE_SIGN_STYLE = Automatic;
				COMBINE_HIDPI_IMAGES = YES;
				ENABLE_PREVIEWS = YES;
				INFOPLIST_FILE = TFTMac/Resources/Info.plist;
				LD_RUNPATH_SEARCH_PATHS = (
					"$(inherited)",
					"@executable_path/../Frameworks",
				);
				MACOSX_DEPLOYMENT_TARGET = 13.0;
				PRODUCT_BUNDLE_IDENTIFIER = io.psychomafia.tfthellelo;
				PRODUCT_NAME = TFTMac;
				SDKROOT = macosx;
			};
			name = Debug;
		};
		5FFABD310EB1DFE86C052DEA /* Release */ = {
			isa = XCBuildConfiguration;
			buildSettings = {
				BUNDLE_LOADER = "$(TEST_HOST)";
				CODE_SIGN_IDENTITY = "-";
				CODE_SIGN_STYLE = Manual;
				COMBINE_HIDPI_IMAGES = YES;
				GENERATE_INFOPLIST_FILE = YES;
				LD_RUNPATH_SEARCH_PATHS = (
					"$(inherited)",
					"@executable_path/Frameworks",
					"@loader_path/Frameworks",
				);
				MACOSX_DEPLOYMENT_TARGET = 13.0;
				PRODUCT_BUNDLE_IDENTIFIER = io.psychomafia.tfthellelo.uitests;
				SDKROOT = macosx;
				TEST_TARGET_NAME = TFTMac;
			};
			name = Release;
		};
		684A5C1FB98868174802712B /* Debug */ = {
			isa = XCBuildConfiguration;
			buildSettings = {
				BUNDLE_LOADER = "$(TEST_HOST)";
				CODE_SIGN_IDENTITY = "-";
				CODE_SIGN_STYLE = Manual;
				COMBINE_HIDPI_IMAGES = YES;
				GENERATE_INFOPLIST_FILE = YES;
				LD_RUNPATH_SEARCH_PATHS = (
					"$(inherited)",
					"@executable_path/Frameworks",
					"@loader_path/Frameworks",
				);
				MACOSX_DEPLOYMENT_TARGET = 13.0;
				PRODUCT_BUNDLE_IDENTIFIER = io.psychomafia.tfthellelo.uitests;
				SDKROOT = macosx;
				TEST_TARGET_NAME = TFTMac;
			};
			name = Debug;
		};
		A644730A90BE99DC1339A391 /* Debug */ = {
			isa = XCBuildConfiguration;
			buildSettings = {
				ALWAYS_SEARCH_USER_PATHS = NO;
				ARCHS = "$(ARCHS_STANDARD)";
				CLANG_ANALYZER_NONNULL = YES;
				CLANG_ANALYZER_NUMBER_OBJECT_CONVERSION = YES_AGGRESSIVE;
				CLANG_CXX_LANGUAGE_STANDARD = "gnu++14";
				CLANG_CXX_LIBRARY = "libc++";
				CLANG_ENABLE_MODULES = YES;
				CLANG_ENABLE_OBJC_ARC = YES;
				CLANG_ENABLE_OBJC_WEAK = YES;
				CLANG_WARN_BLOCK_CAPTURE_AUTORELEASING = YES;
				CLANG_WARN_BOOL_CONVERSION = YES;
				CLANG_WARN_COMMA = YES;
				CLANG_WARN_CONSTANT_CONVERSION = YES;
				CLANG_WARN_DEPRECATED_OBJC_IMPLEMENTATIONS = YES;
				CLANG_WARN_DIRECT_OBJC_ISA_USAGE = YES_ERROR;
				CLANG_WARN_DOCUMENTATION_COMMENTS = YES;
				CLANG_WARN_EMPTY_BODY = YES;
				CLANG_WARN_ENUM_CONVERSION = YES;
				CLANG_WARN_INFINITE_RECURSION = YES;
				CLANG_WARN_INT_CONVERSION = YES;
				CLANG_WARN_NON_LITERAL_NULL_CONVERSION = YES;
				CLANG_WARN_OBJC_IMPLICIT_RETAIN_SELF = YES;
				CLANG_WARN_OBJC_LITERAL_CONVERSION = YES;
				CLANG_WARN_OBJC_ROOT_CLASS = YES_ERROR;
				CLANG_WARN_QUOTED_INCLUDE_IN_FRAMEWORK_HEADER = YES;
				CLANG_WARN_RANGE_LOOP_ANALYSIS = YES;
				CLANG_WARN_STRICT_PROTOTYPES = YES;
				CLANG_WARN_SUSPICIOUS_MOVE = YES;
				CLANG_WARN_UNGUARDED_AVAILABILITY = YES_AGGRESSIVE;
				CLANG_WARN_UNREACHABLE_CODE = YES;
				CLANG_WARN__DUPLICATE_METHOD_MATCH = YES;
				COPY_PHASE_STRIP = NO;
				DEAD_CODE_STRIPPING = YES;
				DEBUG_INFORMATION_FORMAT = dwarf;
				ENABLE_APP_SANDBOX = NO;
				ENABLE_HARDENED_RUNTIME = NO;
				ENABLE_STRICT_OBJC_MSGSEND = YES;
				ENABLE_TESTABILITY = YES;
				GCC_C_LANGUAGE_STANDARD = gnu11;
				GCC_DYNAMIC_NO_PIC = NO;
				GCC_NO_COMMON_BLOCKS = YES;
				GCC_OPTIMIZATION_LEVEL = 0;
				GCC_PREPROCESSOR_DEFINITIONS = (
					"$(inherited)",
					"DEBUG=1",
				);
				GCC_WARN_64_TO_32_BIT_CONVERSION = YES;
				GCC_WARN_ABOUT_RETURN_TYPE = YES_ERROR;
				GCC_WARN_UNDECLARED_SELECTOR = YES;
				GCC_WARN_UNINITIALIZED_AUTOS = YES_AGGRESSIVE;
				GCC_WARN_UNUSED_FUNCTION = YES;
				GCC_WARN_UNUSED_VARIABLE = YES;
				MACOSX_DEPLOYMENT_TARGET = 13.0;
				MTL_ENABLE_DEBUG_INFO = INCLUDE_SOURCE;
				MTL_FAST_MATH = YES;
				ONLY_ACTIVE_ARCH = YES;
				PRODUCT_NAME = "$(TARGET_NAME)";
				SDKROOT = macosx;
				SWIFT_ACTIVE_COMPILATION_CONDITIONS = DEBUG;
				SWIFT_OPTIMIZATION_LEVEL = "-Onone";
				SWIFT_VERSION = 5.9;
			};
			name = Debug;
		};
		BF402301786360008BF05AB1 /* Release */ = {
			isa = XCBuildConfiguration;
			buildSettings = {
				ALWAYS_SEARCH_USER_PATHS = NO;
				ARCHS = "$(ARCHS_STANDARD)";
				CLANG_ANALYZER_NONNULL = YES;
				CLANG_ANALYZER_NUMBER_OBJECT_CONVERSION = YES_AGGRESSIVE;
				CLANG_CXX_LANGUAGE_STANDARD = "gnu++14";
				CLANG_CXX_LIBRARY = "libc++";
				CLANG_ENABLE_MODULES = YES;
				CLANG_ENABLE_OBJC_ARC = YES;
				CLANG_ENABLE_OBJC_WEAK = YES;
				CLANG_WARN_BLOCK_CAPTURE_AUTORELEASING = YES;
				CLANG_WARN_BOOL_CONVERSION = YES;
				CLANG_WARN_COMMA = YES;
				CLANG_WARN_CONSTANT_CONVERSION = YES;
				CLANG_WARN_DEPRECATED_OBJC_IMPLEMENTATIONS = YES;
				CLANG_WARN_DIRECT_OBJC_ISA_USAGE = YES_ERROR;
				CLANG_WARN_DOCUMENTATION_COMMENTS = YES;
				CLANG_WARN_EMPTY_BODY = YES;
				CLANG_WARN_ENUM_CONVERSION = YES;
				CLANG_WARN_INFINITE_RECURSION = YES;
				CLANG_WARN_INT_CONVERSION = YES;
				CLANG_WARN_NON_LITERAL_NULL_CONVERSION = YES;
				CLANG_WARN_OBJC_IMPLICIT_RETAIN_SELF = YES;
				CLANG_WARN_OBJC_LITERAL_CONVERSION = YES;
				CLANG_WARN_OBJC_ROOT_CLASS = YES_ERROR;
				CLANG_WARN_QUOTED_INCLUDE_IN_FRAMEWORK_HEADER = YES;
				CLANG_WARN_RANGE_LOOP_ANALYSIS = YES;
				CLANG_WARN_STRICT_PROTOTYPES = YES;
				CLANG_WARN_SUSPICIOUS_MOVE = YES;
				CLANG_WARN_UNGUARDED_AVAILABILITY = YES_AGGRESSIVE;
				CLANG_WARN_UNREACHABLE_CODE = YES;
				CLANG_WARN__DUPLICATE_METHOD_MATCH = YES;
				COPY_PHASE_STRIP = NO;
				DEAD_CODE_STRIPPING = YES;
				DEBUG_INFORMATION_FORMAT = "dwarf-with-dsym";
				ENABLE_APP_SANDBOX = NO;
				ENABLE_HARDENED_RUNTIME = YES;
				ENABLE_NS_ASSERTIONS = NO;
				ENABLE_STRICT_OBJC_MSGSEND = YES;
				GCC_C_LANGUAGE_STANDARD = gnu11;
				GCC_NO_COMMON_BLOCKS = YES;
				GCC_WARN_64_TO_32_BIT_CONVERSION = YES;
				GCC_WARN_ABOUT_RETURN_TYPE = YES_ERROR;
				GCC_WARN_UNDECLARED_SELECTOR = YES;
				GCC_WARN_UNINITIALIZED_AUTOS = YES_AGGRESSIVE;
				GCC_WARN_UNUSED_FUNCTION = YES;
				GCC_WARN_UNUSED_VARIABLE = YES;
				MACOSX_DEPLOYMENT_TARGET = 13.0;
				MTL_ENABLE_DEBUG_INFO = NO;
				MTL_FAST_MATH = YES;
				ONLY_ACTIVE_ARCH = NO;
				PRODUCT_NAME = "$(TARGET_NAME)";
				SDKROOT = macosx;
				SWIFT_COMPILATION_MODE = wholemodule;
				SWIFT_OPTIMIZATION_LEVEL = "-O";
				SWIFT_VERSION = 5.9;
			};
			name = Release;
		};
		C799409D18664D73546AE610 /* Release */ = {
			isa = XCBuildConfiguration;
			buildSettings = {
				ASSETCATALOG_COMPILER_APPICON_NAME = AppIcon;
				ASSETCATALOG_COMPILER_GLOBAL_ACCENT_COLOR_NAME = AccentColor;
				CODE_SIGN_ENTITLEMENTS = TFTMac/Resources/TFTMac.entitlements;
				CODE_SIGN_STYLE = Automatic;
				COMBINE_HIDPI_IMAGES = YES;
				ENABLE_PREVIEWS = YES;
				INFOPLIST_FILE = TFTMac/Resources/Info.plist;
				LD_RUNPATH_SEARCH_PATHS = (
					"$(inherited)",
					"@executable_path/../Frameworks",
				);
				MACOSX_DEPLOYMENT_TARGET = 13.0;
				PRODUCT_BUNDLE_IDENTIFIER = io.psychomafia.tfthellelo;
				PRODUCT_NAME = TFTMac;
				SDKROOT = macosx;
			};
			name = Release;
		};
/* End XCBuildConfiguration section */

/* Begin XCConfigurationList section */
		036F1782B6D46A2615F84389 /* Build configuration list for PBXNativeTarget "TFTMac" */ = {
			isa = XCConfigurationList;
			buildConfigurations = (
				584253D8CB8B95B5676EC2C7 /* Debug */,
				C799409D18664D73546AE610 /* Release */,
			);
			defaultConfigurationIsVisible = 0;
			defaultConfigurationName = Debug;
		};
		39A1E06B6D6B012614EB56BC /* Build configuration list for PBXNativeTarget "TFTMacUITests" */ = {
			isa = XCConfigurationList;
			buildConfigurations = (
				684A5C1FB98868174802712B /* Debug */,
				5FFABD310EB1DFE86C052DEA /* Release */,
			);
			defaultConfigurationIsVisible = 0;
			defaultConfigurationName = Debug;
		};
		9F64928A5439B376D59241AD /* Build configuration list for PBXProject "TFTMac" */ = {
			isa = XCConfigurationList;
			buildConfigurations = (
				A644730A90BE99DC1339A391 /* Debug */,
				BF402301786360008BF05AB1 /* Release */,
			);
			defaultConfigurationIsVisible = 0;
			defaultConfigurationName = Debug;
		};
		B56343366A5A8CD3556C0F5D /* Build configuration list for PBXNativeTarget "TFTMacTests" */ = {
			isa = XCConfigurationList;
			buildConfigurations = (
				12A22D144D594F5B817DA9E5 /* Debug */,
				3C7BEC37BADA1E077F60C80F /* Release */,
			);
			defaultConfigurationIsVisible = 0;
			defaultConfigurationName = Debug;
		};
/* End XCConfigurationList section */

/* Begin XCRemoteSwiftPackageReference section */
		80C760BAD772E4905C7E5F9A /* XCRemoteSwiftPackageReference "HotKey" */ = {
			isa = XCRemoteSwiftPackageReference;
			repositoryURL = "https://github.com/soffes/HotKey.git";
			requirement = {
				kind = exactVersion;
				version = 0.2.1;
			};
		};
/* End XCRemoteSwiftPackageReference section */

/* Begin XCSwiftPackageProductDependency section */
		0803FDD71794EA03FA6D96FA /* HotKey */ = {
			isa = XCSwiftPackageProductDependency;
			package = 80C760BAD772E4905C7E5F9A /* XCRemoteSwiftPackageReference "HotKey" */;
			productName = HotKey;
		};
/* End XCSwiftPackageProductDependency section */
	};
	rootObject = 1F6958DC0D6F28CCD7474467 /* Project object */;
}
